<Solution>
  <Folder Name="/Source/">
    <Project Path="TelemetryIntake.API/TelemetryIntake.API.csproj" />
    <Project Path="TelemetryIntake.Application/TelemetryIntake.Application.csproj" Id="3e00452f-e21c-48ae-8c68-d61b1090c04a" />
    <Project Path="TelemetryIntake.Domain/TelemetryIntake.Domain.csproj" Id="1a2d6df6-99a9-40c8-a497-f2468849aff6" />
    <Project Path="TelemetryIntake.Infrastructure/TelemetryIntake.Infrastructure.csproj" Id="228b3afd-d34b-42fc-aa65-e85fc6d4b5f6" />
  </Folder>
  <Folder Name="/Unit Tests/" />
</Solution>
